
Microsoft Visual Studio Solution File, Format Version 12.00
# Visual Studio Version 17
VisualStudioVersion = 17.0.32014.148
MinimumVisualStudioVersion = 10.0.40219.1
Project("{FAE04EC0-301F-11D3-BF4B-00C04F79EFBC}") = "SchoolNote", "SchoolNote\SchoolNote.csproj", "{51403E4D-45CA-44F6-9C4F-62479729D9A0}"
EndProject
Global
	GlobalSection(SolutionConfigurationPlatforms) = preSolution
		Debug|Any CPU = Debug|Any CPU
		Release|Any CPU = Release|Any CPU
	EndGlobalSection
	GlobalSection(ProjectConfigurationPlatforms) = postSolution
		{51403E4D-45CA-44F6-9C4F-62479729D9A0}.Debug|Any CPU.ActiveCfg = Debug|Any CPU
		{51403E4D-45CA-44F6-9C4F-62479729D9A0}.Debug|Any CPU.Build.0 = Debug|Any CPU
		{51403E4D-45CA-44F6-9C4F-62479729D9A0}.Release|Any CPU.ActiveCfg = Release|Any CPU
		{51403E4D-45CA-44F6-9C4F-62479729D9A0}.Release|Any CPU.Build.0 = Release|Any CPU
	EndGlobalSection
	GlobalSection(SolutionProperties) = preSolution
		HideSolutionNode = FALSE
	EndGlobalSection
	GlobalSection(ExtensibilityGlobals) = postSolution
		SolutionGuid = {2420B361-AB43-4330-8A0C-4E74ED1E0D63}
	EndGlobalSection
EndGlobal
